{
    "_readme": [
        "This file locks the dependencies of your project to a known state",
        "Read more about it at http://getcomposer.org/doc/01-basic-usage.md#composer-lock-the-lock-file",
        "This file is @generated automatically"
    ],
    "hash": "76864240da187c1197a8ad44ab7541f9",
    "packages": [
        {
            "name": "aura/cli",
            "version": "2.1.1",
            "source": {
                "type": "git",
                "url": "https://github.com/auraphp/Aura.Cli.git",
                "reference": "b550cd79beff793ec5feeea248ccd4ba537c8603"
            },
            "dist": {
                "type": "zip",
                "url": "https://api.github.com/repos/auraphp/Aura.Cli/zipball/b550cd79beff793ec5feeea248ccd4ba537c8603",
                "reference": "b550cd79beff793ec5feeea248ccd4ba537c8603",
                "shasum": ""
            },
            "require": {
                "php": ">=5.3.0"
            },
            "require-dev": {
                "aura/di": "~2.0"
            },
            "type": "library",
            "extra": {
                "aura": {
                    "type": "library",
                    "config": {
                        "common": "Aura\\Cli\\_Config\\Common"
                    }
                },
                "branch-alias": {
                    "dev-develop-2": "2.0.x-dev"
                }
            },
            "autoload": {
                "psr-4": {
                    "Aura\\Cli\\": "src/",
                    "Aura\\Cli\\_Config\\": "config/"
                }
            },
            "notification-url": "https://packagist.org/downloads/",
            "license": [
                "BSD-2-Clause"
            ],
            "authors": [
                {
                    "name": "Aura.Cli Contributors",
                    "homepage": "https://github.com/auraphp/Aura.Cli/contributors"
                }
            ],
            "description": "Provides the equivalent of request (Context) and response (Stdio) classes for a command line environment, including Getopt support.",
            "homepage": "https://github.com/auraphp/Aura.Cli",
            "keywords": [
                "cli",
                "command",
                "command line",
                "getopt",
                "options",
                "stdio"
            ],
            "time": "2015-03-27 17:23:08"
        },
        {
            "name": "aura/router",
            "version": "2.2.2",
            "source": {
                "type": "git",
                "url": "https://github.com/auraphp/Aura.Router.git",
                "reference": "936006dd8893182d5549178e7d0f984ff2d97839"
            },
            "dist": {
                "type": "zip",
                "url": "https://api.github.com/repos/auraphp/Aura.Router/zipball/936006dd8893182d5549178e7d0f984ff2d97839",
                "reference": "936006dd8893182d5549178e7d0f984ff2d97839",
                "shasum": ""
            },
            "require": {
                "php": ">=5.3.0"
            },
            "require-dev": {
                "aura/di": "~2.0"
            },
            "type": "library",
            "extra": {
                "aura": {
                    "type": "library",
                    "config": {
                        "common": "Aura\\Router\\_Config\\Common"
                    }
                },
                "branch-alias": {
                    "dev-develop-2": "2.0.x-dev"
                }
            },
            "autoload": {
                "psr-4": {
                    "Aura\\Router\\": "src/",
                    "Aura\\Router\\_Config\\": "config/"
                }
            },
            "notification-url": "https://packagist.org/downloads/",
            "license": [
                "BSD-2-Clause"
            ],
            "authors": [
                {
                    "name": "Aura.Router Contributors",
                    "homepage": "https://github.com/auraphp/Aura.Router/contributors"
                }
            ],
            "description": "A web router implementation; given a URI path and a copy of $_SERVER, it will extract path-info parameter values for a specific route.",
            "homepage": "https://github.com/auraphp/Aura.Router",
            "keywords": [
                "route",
                "router",
                "routing"
            ],
            "time": "2015-03-27 16:04:00"
        },
        {
            "name": "aura/web",
            "version": "2.0.3",
            "source": {
                "type": "git",
                "url": "https://github.com/auraphp/Aura.Web.git",
                "reference": "b22ba83141384981514e2057ebe99e9a5509914f"
            },
            "dist": {
                "type": "zip",
                "url": "https://api.github.com/repos/auraphp/Aura.Web/zipball/b22ba83141384981514e2057ebe99e9a5509914f",
                "reference": "b22ba83141384981514e2057ebe99e9a5509914f",
                "shasum": ""
            },
            "require": {
                "php": ">=5.3.0"
            },
            "require-dev": {
                "aura/di": "~2.0"
            },
            "type": "library",
            "extra": {
                "aura": {
                    "type": "library",
                    "config": {
                        "common": "Aura\\Web\\_Config\\Common"
                    }
                },
                "branch-alias": {
                    "dev-develop-2": "2.0.x-dev"
                }
            },
            "autoload": {
                "psr-4": {
                    "Aura\\Web\\": "src/",
                    "Aura\\Web\\_Config\\": "config/"
                }
            },
            "notification-url": "https://packagist.org/downloads/",
            "license": [
                "BSD-2-Clause"
            ],
            "authors": [
                {
                    "name": "Aura.Web Contributors",
                    "homepage": "https://github.com/auraphp/Aura.Web/contributors"
                }
            ],
            "description": "Provides web Request and Response objects for use by web controllers and actions. These are representations of the PHP web environment, not HTTP request and response objects proper.",
            "homepage": "https://github.com/auraphp/Aura.Web",
            "keywords": [
                "request",
                "response"
            ],
            "time": "2015-03-27 18:59:27"
        },
        {
            "name": "bear/app-meta",
            "version": "0.3.3",
            "source": {
                "type": "git",
                "url": "https://github.com/bearsunday/BEAR.AppMeta.git",
                "reference": "5648b8520108110ac90cfd5003642cee6e063ac5"
            },
            "dist": {
                "type": "zip",
                "url": "https://api.github.com/repos/bearsunday/BEAR.AppMeta/zipball/5648b8520108110ac90cfd5003642cee6e063ac5",
                "reference": "5648b8520108110ac90cfd5003642cee6e063ac5",
                "shasum": ""
            },
            "require": {
                "bear/resource": "~1.0@dev",
                "koriym/psr4list": "~1.0@dev"
            },
            "type": "library",
            "autoload": {
                "psr-4": {
                    "BEAR\\AppMeta\\": "src/"
                }
            },
            "notification-url": "https://packagist.org/downloads/",
            "license": [
                "MIT"
            ],
            "description": "BEAR.Sunday application meta information",
            "keywords": [
                "BEARSunday"
            ],
            "time": "2015-05-01 17:36:24"
        },
        {
            "name": "bear/package",
            "version": "1.0.0-beta.2",
            "source": {
                "type": "git",
                "url": "https://github.com/bearsunday/BEAR.Package.git",
                "reference": "2de4a232d3a9dd2f7cf08383b996ef743aa835d9"
            },
            "dist": {
                "type": "zip",
                "url": "https://api.github.com/repos/bearsunday/BEAR.Package/zipball/2de4a232d3a9dd2f7cf08383b996ef743aa835d9",
                "reference": "2de4a232d3a9dd2f7cf08383b996ef743aa835d9",
                "shasum": ""
            },
            "require": {
                "aura/cli": "~2.0",
                "aura/router": "~2.0",
                "aura/web": "~2.0",
                "bear/app-meta": "~0.1",
                "bear/query-repository": "~0.1",
                "bear/sunday": "~1.0.0-rc",
                "php": ">=5.5.0",
                "ray/web-param-module": "~0.1"
            },
            "bin": [
                "bin/bear.env"
            ],
            "type": "library",
            "autoload": {
                "psr-4": {
                    "BEAR\\Package\\": "src/"
                }
            },
            "notification-url": "https://packagist.org/downloads/",
            "license": [
                "MIT"
            ],
            "authors": [
                {
                    "name": "BEAR.Package Contributors",
                    "homepage": "https://github.com/koriym/BEAR.Package/graphs/contributors"
                }
            ],
            "description": "BEAR.Sunday framework package",
            "homepage": "https://github.com/koriym/BEAR.Package",
            "keywords": [
                "BEAR.Sunday",
                "aop",
                "api",
                "di",
                "framework",
                "hypermedia",
                "rest"
            ],
            "time": "2015-05-01 15:15:51"
        },
        {
            "name": "bear/query-repository",
            "version": "0.4.2",
            "source": {
                "type": "git",
                "url": "https://github.com/bearsunday/BEAR.QueryRepository.git",
                "reference": "ad280e4a94c26386949a66f55a5eae9c8d5d3381"
            },
            "dist": {
                "type": "zip",
                "url": "https://api.github.com/repos/bearsunday/BEAR.QueryRepository/zipball/ad280e4a94c26386949a66f55a5eae9c8d5d3381",
                "reference": "ad280e4a94c26386949a66f55a5eae9c8d5d3381",
                "shasum": ""
            },
            "require": {
                "bear/resource": "~1.0@dev",
                "mobiledetect/mobiledetectlib": "~2.0@dev"
            },
            "type": "library",
            "autoload": {
                "psr-4": {
                    "BEAR\\QueryRepository\\": "src/"
                },
                "files": [
                    "src-file/doctrine_annotations.php"
                ]
            },
            "notification-url": "https://packagist.org/downloads/",
            "license": [
                "MIT"
            ],
            "authors": [
                {
                    "name": "Akihito Koriyama",
                    "email": "akihito.koriyama@gmail.com"
                }
            ],
            "description": "Resource query responsibility segregation",
            "time": "2015-04-29 13:15:20"
        },
        {
            "name": "bear/resource",
            "version": "1.0.5",
            "source": {
                "type": "git",
                "url": "https://github.com/bearsunday/BEAR.Resource.git",
                "reference": "80890b3e509404c989aee680df89266e46614807"
            },
            "dist": {
                "type": "zip",
                "url": "https://api.github.com/repos/bearsunday/BEAR.Resource/zipball/80890b3e509404c989aee680df89266e46614807",
                "reference": "80890b3e509404c989aee680df89266e46614807",
                "shasum": ""
            },
            "require": {
                "doctrine/cache": "~1.0",
                "nocarrier/hal": "~0.9",
                "php": ">=5.5.0",
                "ray/di": "~2.0",
                "rize/uri-template": "~0.2.5"
            },
            "suggest": {
                "ext-uri_template": "ext/uri_template for URI Template(RFC6570) specification."
            },
            "type": "library",
            "autoload": {
                "psr-4": {
                    "BEAR\\Resource\\": "src/"
                },
                "files": [
                    "src-files/uri_template.php",
                    "src-files/doctrine_annotations.php"
                ]
            },
            "notification-url": "https://packagist.org/downloads/",
            "license": [
                "MIT"
            ],
            "authors": [
                {
                    "name": "Akihito Koriyama",
                    "email": "akihito.koriyama@gmail.com"
                }
            ],
            "description": "Hypermedia framework for object as a service",
            "keywords": [
                "HATEOAS",
                "Object as a service",
                "hypermedia",
                "protocol",
                "rest"
            ],
            "time": "2015-04-29 11:32:10"
        },
        {
            "name": "bear/sunday",
            "version": "1.0.0-rc.5",
            "source": {
                "type": "git",
                "url": "https://github.com/bearsunday/BEAR.Sunday.git",
                "reference": "c6b39ce700e3f2ff427d1a77c3629b60bb54b585"
            },
            "dist": {
                "type": "zip",
                "url": "https://api.github.com/repos/bearsunday/BEAR.Sunday/zipball/c6b39ce700e3f2ff427d1a77c3629b60bb54b585",
                "reference": "c6b39ce700e3f2ff427d1a77c3629b60bb54b585",
                "shasum": ""
            },
            "require": {
                "bear/resource": "~1.0",
                "doctrine/cache": "~1.0",
                "php": ">=5.5.0",
                "psr/log": "~1.0"
            },
            "type": "library",
            "autoload": {
                "psr-4": {
                    "BEAR\\Sunday\\": "src/"
                }
            },
            "notification-url": "https://packagist.org/downloads/",
            "license": [
                "MIT"
            ],
            "authors": [
                {
                    "name": "Akihito Koriyama",
                    "email": "akihito.koriyama@gmail.com"
                }
            ],
            "description": "A resource oriented framework",
            "keywords": [
                "aop",
                "di",
                "framework",
                "hypermedia",
                "ray",
                "rest"
            ],
            "time": "2015-04-30 00:27:16"
        },
        {
            "name": "doctrine/annotations",
            "version": "v1.2.4",
            "source": {
                "type": "git",
                "url": "https://github.com/doctrine/annotations.git",
                "reference": "b5202eb9e83f8db52e0e58867e0a46e63be8332e"
            },
            "dist": {
                "type": "zip",
                "url": "https://api.github.com/repos/doctrine/annotations/zipball/b5202eb9e83f8db52e0e58867e0a46e63be8332e",
                "reference": "b5202eb9e83f8db52e0e58867e0a46e63be8332e",
                "shasum": ""
            },
            "require": {
                "doctrine/lexer": "1.*",
                "php": ">=5.3.2"
            },
            "require-dev": {
                "doctrine/cache": "1.*",
                "phpunit/phpunit": "4.*"
            },
            "type": "library",
            "extra": {
                "branch-alias": {
                    "dev-master": "1.3.x-dev"
                }
            },
            "autoload": {
                "psr-0": {
                    "Doctrine\\Common\\Annotations\\": "lib/"
                }
            },
            "notification-url": "https://packagist.org/downloads/",
            "license": [
                "MIT"
            ],
            "authors": [
                {
                    "name": "Roman Borschel",
                    "email": "roman@code-factory.org"
                },
                {
                    "name": "Benjamin Eberlei",
                    "email": "kontakt@beberlei.de"
                },
                {
                    "name": "Guilherme Blanco",
                    "email": "guilhermeblanco@gmail.com"
                },
                {
                    "name": "Jonathan Wage",
                    "email": "jonwage@gmail.com"
                },
                {
                    "name": "Johannes Schmitt",
                    "email": "schmittjoh@gmail.com"
                }
            ],
            "description": "Docblock Annotations Parser",
            "homepage": "http://www.doctrine-project.org",
            "keywords": [
                "annotations",
                "docblock",
                "parser"
            ],
            "time": "2014-12-23 22:40:37"
        },
        {
            "name": "doctrine/cache",
            "version": "v1.4.1",
            "source": {
                "type": "git",
                "url": "https://github.com/doctrine/cache.git",
                "reference": "c9eadeb743ac6199f7eec423cb9426bc518b7b03"
            },
            "dist": {
                "type": "zip",
                "url": "https://api.github.com/repos/doctrine/cache/zipball/c9eadeb743ac6199f7eec423cb9426bc518b7b03",
                "reference": "c9eadeb743ac6199f7eec423cb9426bc518b7b03",
                "shasum": ""
            },
            "require": {
                "php": ">=5.3.2"
            },
            "conflict": {
                "doctrine/common": ">2.2,<2.4"
            },
            "require-dev": {
                "phpunit/phpunit": ">=3.7",
                "predis/predis": "~1.0",
                "satooshi/php-coveralls": "~0.6"
            },
            "type": "library",
            "extra": {
                "branch-alias": {
                    "dev-master": "1.5.x-dev"
                }
            },
            "autoload": {
                "psr-0": {
                    "Doctrine\\Common\\Cache\\": "lib/"
                }
            },
            "notification-url": "https://packagist.org/downloads/",
            "license": [
                "MIT"
            ],
            "authors": [
                {
                    "name": "Roman Borschel",
                    "email": "roman@code-factory.org"
                },
                {
                    "name": "Benjamin Eberlei",
                    "email": "kontakt@beberlei.de"
                },
                {
                    "name": "Guilherme Blanco",
                    "email": "guilhermeblanco@gmail.com"
                },
                {
                    "name": "Jonathan Wage",
                    "email": "jonwage@gmail.com"
                },
                {
                    "name": "Johannes Schmitt",
                    "email": "schmittjoh@gmail.com"
                }
            ],
            "description": "Caching library offering an object-oriented API for many cache backends",
            "homepage": "http://www.doctrine-project.org",
            "keywords": [
                "cache",
                "caching"
            ],
            "time": "2015-04-15 00:11:59"
        },
        {
            "name": "doctrine/lexer",
            "version": "v1.0.1",
            "source": {
                "type": "git",
                "url": "https://github.com/doctrine/lexer.git",
                "reference": "83893c552fd2045dd78aef794c31e694c37c0b8c"
            },
            "dist": {
                "type": "zip",
                "url": "https://api.github.com/repos/doctrine/lexer/zipball/83893c552fd2045dd78aef794c31e694c37c0b8c",
                "reference": "83893c552fd2045dd78aef794c31e694c37c0b8c",
                "shasum": ""
            },
            "require": {
                "php": ">=5.3.2"
            },
            "type": "library",
            "extra": {
                "branch-alias": {
                    "dev-master": "1.0.x-dev"
                }
            },
            "autoload": {
                "psr-0": {
                    "Doctrine\\Common\\Lexer\\": "lib/"
                }
            },
            "notification-url": "https://packagist.org/downloads/",
            "license": [
                "MIT"
            ],
            "authors": [
                {
                    "name": "Roman Borschel",
                    "email": "roman@code-factory.org"
                },
                {
                    "name": "Guilherme Blanco",
                    "email": "guilhermeblanco@gmail.com"
                },
                {
                    "name": "Johannes Schmitt",
                    "email": "schmittjoh@gmail.com"
                }
            ],
            "description": "Base library for a lexer that can be used in Top-Down, Recursive Descent Parsers.",
            "homepage": "http://www.doctrine-project.org",
            "keywords": [
                "lexer",
                "parser"
            ],
            "time": "2014-09-09 13:34:57"
        },
        {
            "name": "koriym/psr4list",
            "version": "1.0",
            "source": {
                "type": "git",
                "url": "https://github.com/koriym/Koriym.Psr4List.git",
                "reference": "090772659511ea137bbc573e681cf71a1b7f7b2d"
            },
            "dist": {
                "type": "zip",
                "url": "https://api.github.com/repos/koriym/Koriym.Psr4List/zipball/090772659511ea137bbc573e681cf71a1b7f7b2d",
                "reference": "090772659511ea137bbc573e681cf71a1b7f7b2d",
                "shasum": ""
            },
            "type": "library",
            "extra": {
                "branch-alias": {
                    "dev-master": "1.0.x-dev"
                }
            },
            "autoload": {
                "psr-4": {
                    "Koriym\\Psr4List\\": "src/"
                }
            },
            "notification-url": "https://packagist.org/downloads/",
            "license": [
                "BSD-3-Clause"
            ],
            "description": "Returns the name of the classes in PSR4 path",
            "keywords": [
                "psr4"
            ],
            "time": "2014-12-07 13:10:31"
        },
        {
            "name": "mobiledetect/mobiledetectlib",
            "version": "2.8.13",
            "source": {
                "type": "git",
                "url": "https://github.com/serbanghita/Mobile-Detect.git",
                "reference": "fc81cb582c9cd9024a16e0698c02b6d3cb0229df"
            },
            "dist": {
                "type": "zip",
                "url": "https://api.github.com/repos/serbanghita/Mobile-Detect/zipball/fc81cb582c9cd9024a16e0698c02b6d3cb0229df",
                "reference": "fc81cb582c9cd9024a16e0698c02b6d3cb0229df",
                "shasum": ""
            },
            "require": {
                "php": ">=5.0.0"
            },
            "require-dev": {
                "codeclimate/php-test-reporter": "dev-master",
                "johnkary/phpunit-speedtrap": "~1.0@dev",
                "phpunit/phpunit": "*"
            },
            "type": "library",
            "autoload": {
                "classmap": [
                    "Mobile_Detect.php"
                ],
                "psr-0": {
                    "Detection": "namespaced/"
                }
            },
            "notification-url": "https://packagist.org/downloads/",
            "license": [
                "MIT"
            ],
            "authors": [
                {
                    "name": "Serban Ghita",
                    "email": "serbanghita@gmail.com",
                    "homepage": "http://mobiledetect.net",
                    "role": "Developer"
                }
            ],
            "description": "Mobile_Detect is a lightweight PHP class for detecting mobile devices. It uses the User-Agent string combined with specific HTTP headers to detect the mobile environment.",
            "homepage": "https://github.com/serbanghita/Mobile-Detect",
            "keywords": [
                "detect mobile devices",
                "mobile",
                "mobile detect",
                "mobile detector",
                "php mobile detect"
            ],
            "time": "2015-04-25 20:10:52"
        },
        {
            "name": "nikic/php-parser",
            "version": "v1.2.2",
            "source": {
                "type": "git",
                "url": "https://github.com/nikic/PHP-Parser.git",
                "reference": "08f97eb4efa029e2fafb6d8c98b71731bf0cf621"
            },
            "dist": {
                "type": "zip",
                "url": "https://api.github.com/repos/nikic/PHP-Parser/zipball/08f97eb4efa029e2fafb6d8c98b71731bf0cf621",
                "reference": "08f97eb4efa029e2fafb6d8c98b71731bf0cf621",
                "shasum": ""
            },
            "require": {
                "ext-tokenizer": "*",
                "php": ">=5.3"
            },
            "type": "library",
            "extra": {
                "branch-alias": {
                    "dev-master": "1.2-dev"
                }
            },
            "autoload": {
                "files": [
                    "lib/bootstrap.php"
                ]
            },
            "notification-url": "https://packagist.org/downloads/",
            "license": [
                "BSD-3-Clause"
            ],
            "authors": [
                {
                    "name": "Nikita Popov"
                }
            ],
            "description": "A PHP parser written in PHP",
            "keywords": [
                "parser",
                "php"
            ],
            "time": "2015-04-03 14:33:59"
        },
        {
            "name": "nocarrier/hal",
            "version": "0.9.10",
            "source": {
                "type": "git",
                "url": "https://github.com/blongden/hal.git",
                "reference": "4ff57176cb4ebde4245bda979ed662a0f8480b97"
            },
            "dist": {
                "type": "zip",
                "url": "https://api.github.com/repos/blongden/hal/zipball/4ff57176cb4ebde4245bda979ed662a0f8480b97",
                "reference": "4ff57176cb4ebde4245bda979ed662a0f8480b97",
                "shasum": ""
            },
            "require": {
                "php": ">=5.3.0"
            },
            "require-dev": {
                "phpunit/phpunit": "4.*"
            },
            "type": "library",
            "autoload": {
                "psr-0": {
                    "Nocarrier": "src"
                }
            },
            "notification-url": "https://packagist.org/downloads/",
            "license": [
                "MIT"
            ],
            "authors": [
                {
                    "name": "Ben Longden",
                    "email": "ben@nocarrier.co.uk",
                    "homepage": "http://nocarrier.co.uk"
                }
            ],
            "description": "application/hal builder / formatter for PHP 5.3+",
            "homepage": "https://github.com/blongden/hal",
            "keywords": [
                "hal",
                "hypermedia",
                "json",
                "rest",
                "xml"
            ],
            "time": "2014-11-24 11:48:52"
        },
        {
            "name": "psr/log",
            "version": "1.0.0",
            "source": {
                "type": "git",
                "url": "https://github.com/php-fig/log.git",
                "reference": "fe0936ee26643249e916849d48e3a51d5f5e278b"
            },
            "dist": {
                "type": "zip",
                "url": "https://api.github.com/repos/php-fig/log/zipball/fe0936ee26643249e916849d48e3a51d5f5e278b",
                "reference": "fe0936ee26643249e916849d48e3a51d5f5e278b",
                "shasum": ""
            },
            "type": "library",
            "autoload": {
                "psr-0": {
                    "Psr\\Log\\": ""
                }
            },
            "notification-url": "https://packagist.org/downloads/",
            "license": [
                "MIT"
            ],
            "authors": [
                {
                    "name": "PHP-FIG",
                    "homepage": "http://www.php-fig.org/"
                }
            ],
            "description": "Common interface for logging libraries",
            "keywords": [
                "log",
                "psr",
                "psr-3"
            ],
            "time": "2012-12-21 11:40:51"
        },
        {
            "name": "ray/aop",
            "version": "2.1.0",
            "source": {
                "type": "git",
                "url": "https://github.com/ray-di/Ray.Aop.git",
                "reference": "b718e857c0a53df9287d352646aeb7594aa4009a"
            },
            "dist": {
                "type": "zip",
                "url": "https://api.github.com/repos/ray-di/Ray.Aop/zipball/b718e857c0a53df9287d352646aeb7594aa4009a",
                "reference": "b718e857c0a53df9287d352646aeb7594aa4009a",
                "shasum": ""
            },
            "require": {
                "doctrine/annotations": "~1.1",
                "nikic/php-parser": "~1.0",
                "php": ">=5.4.0"
            },
            "suggest": {
                "ray/di": "A dependency injection framework with Ray.Aop"
            },
            "type": "library",
            "autoload": {
                "psr-4": {
                    "Ray\\Aop\\": "src/"
                }
            },
            "notification-url": "https://packagist.org/downloads/",
            "license": [
                "BSD-3-Clause"
            ],
            "authors": [
                {
                    "name": "Akihito Koriyama",
                    "email": "akihito.koriyama@gmail.com"
                }
            ],
            "description": "An aspect oriented framework",
            "homepage": "https://github.com/koriym/Ray.Aop",
            "keywords": [
                "AOP Alliance",
                "annotations",
                "aop",
                "code-gen"
            ],
            "time": "2015-04-26 04:09:53"
        },
        {
            "name": "ray/compiler",
            "version": "0.1.2",
            "source": {
                "type": "git",
                "url": "https://github.com/ray-di/Ray.Compiler.git",
                "reference": "680aed9693b81740d759569251c663f53ec4c75d"
            },
            "dist": {
                "type": "zip",
                "url": "https://api.github.com/repos/ray-di/Ray.Compiler/zipball/680aed9693b81740d759569251c663f53ec4c75d",
                "reference": "680aed9693b81740d759569251c663f53ec4c75d",
                "shasum": ""
            },
            "require-dev": {
                "ray/di": "~2.0"
            },
            "type": "library",
            "autoload": {
                "psr-4": {
                    "Ray\\Compiler\\": "src/"
                }
            },
            "notification-url": "https://packagist.org/downloads/",
            "license": [
                "MIT"
            ],
            "description": "A dependency injection compiler for Ray.Di",
            "keywords": [
                "Ray.Di",
                "code-gen",
                "compiler"
            ],
            "time": "2015-05-01 00:21:56"
        },
        {
            "name": "ray/di",
            "version": "2.1.1",
            "source": {
                "type": "git",
                "url": "https://github.com/ray-di/Ray.Di.git",
                "reference": "7c1a062cfebd28bb3ad9c059c982c2718b4e07f0"
            },
            "dist": {
                "type": "zip",
                "url": "https://api.github.com/repos/ray-di/Ray.Di/zipball/7c1a062cfebd28bb3ad9c059c982c2718b4e07f0",
                "reference": "7c1a062cfebd28bb3ad9c059c982c2718b4e07f0",
                "shasum": ""
            },
            "require": {
                "php": ">=5.4.0",
                "ray/aop": "~2.0",
                "ray/compiler": "~0.1"
            },
            "type": "library",
            "autoload": {
                "psr-4": {
                    "Ray\\Di\\": "src/"
                }
            },
            "notification-url": "https://packagist.org/downloads/",
            "license": [
                "MIT"
            ],
            "authors": [
                {
                    "name": "Akihito Koriyama",
                    "email": "akihito.koriyama@gmail.com"
                }
            ],
            "description": "Guice style annotation-driven dependency injection framework",
            "homepage": "https://github.com/ray-di/Ray.Di",
            "keywords": [
                "annotations",
                "aop",
                "di",
                "guice",
                "ray"
            ],
            "time": "2015-04-30 09:08:44"
        },
        {
            "name": "ray/web-param-module",
            "version": "0.2.2",
            "source": {
                "type": "git",
                "url": "https://github.com/ray-di/Ray.WebParamModule.git",
                "reference": "9d45dcc90fd768d2aaa50852eddce9e0eb18873b"
            },
            "dist": {
                "type": "zip",
                "url": "https://api.github.com/repos/ray-di/Ray.WebParamModule/zipball/9d45dcc90fd768d2aaa50852eddce9e0eb18873b",
                "reference": "9d45dcc90fd768d2aaa50852eddce9e0eb18873b",
                "shasum": ""
            },
            "require": {
                "doctrine/cache": "~1.0",
                "ray/di": "~2.0@dev"
            },
            "type": "library",
            "extra": {
                "branch-alias": {
                    "dev-develop": "0.1.x-dev"
                }
            },
            "autoload": {
                "psr-4": {
                    "Ray\\WebContextParam\\": "src/"
                },
                "files": [
                    "doctrine_annotations.php"
                ]
            },
            "notification-url": "https://packagist.org/downloads/",
            "license": [
                "BSD-3-Clause"
            ],
            "description": "Binds the value(s) of a web context to method parameter.",
            "keywords": [
                "Ray.Di module",
                "Web context",
                "testability"
            ],
            "time": "2015-03-01 16:08:20"
        },
        {
            "name": "rize/uri-template",
            "version": "0.2.6",
            "source": {
                "type": "git",
                "url": "https://github.com/rize/UriTemplate.git",
                "reference": "907ca9b59014f18f6c3f1158bdd46a3c1675e9f0"
            },
            "dist": {
                "type": "zip",
                "url": "https://api.github.com/repos/rize/UriTemplate/zipball/907ca9b59014f18f6c3f1158bdd46a3c1675e9f0",
                "reference": "907ca9b59014f18f6c3f1158bdd46a3c1675e9f0",
                "shasum": ""
            },
            "require": {
                "php": ">=5.3.0"
            },
            "require-dev": {
                "phpunit/phpunit": "~4.0.0"
            },
            "type": "library",
            "autoload": {
                "psr-0": {
                    "Rize\\UriTemplate": "src/"
                }
            },
            "notification-url": "https://packagist.org/downloads/",
            "license": [
                "MIT"
            ],
            "authors": [
                {
                    "name": "Marut K",
                    "homepage": "http://twitter.com/rezigned"
                }
            ],
            "description": "PHP URI Template (RFC 6570) supports both expansion & extraction",
            "keywords": [
                "RFC 6570",
                "template",
                "uri"
            ],
            "time": "2014-06-11 06:00:32"
        }
    ],
    "packages-dev": [],
    "aliases": [],
    "minimum-stability": "dev",
    "stability-flags": {
        "bear/package": 20
    },
    "prefer-stable": true,
    "prefer-lowest": false,
    "platform": [],
    "platform-dev": []
}
