{
    "_readme": [
        "This file locks the dependencies of your project to a known state",
        "Read more about it at http://getcomposer.org/doc/01-basic-usage.md#composer-lock-the-lock-file",
        "This file is @generated automatically"
    ],
    "hash": "f7c3b76453244fda7350ee134b90f49b",
    "packages": [
        {
            "name": "composer/installers",
            "version": "dev-master",
            "source": {
                "type": "git",
                "url": "https://github.com/composer/installers.git",
                "reference": "91e7724e6e75291d6f5512415fbdcec525ad4d7e"
            },
            "dist": {
                "type": "zip",
                "url": "https://api.github.com/repos/composer/installers/zipball/91e7724e6e75291d6f5512415fbdcec525ad4d7e",
                "reference": "91e7724e6e75291d6f5512415fbdcec525ad4d7e",
                "shasum": ""
            },
            "replace": {
                "roundcube/plugin-installer": "*",
                "shama/baton": "*"
            },
            "require-dev": {
                "composer/composer": "1.0.*@dev",
                "phpunit/phpunit": "4.1.*"
            },
            "type": "composer-installer",
            "extra": {
                "class": "Composer\\Installers\\Installer",
                "branch-alias": {
                    "dev-master": "1.0-dev"
                }
            },
            "autoload": {
                "psr-0": {
                    "Composer\\Installers\\": "src/"
                }
            },
            "notification-url": "https://packagist.org/downloads/",
            "license": [
                "MIT"
            ],
            "authors": [
                {
                    "name": "Kyle Robinson Young",
                    "email": "kyle@dontkry.com",
                    "homepage": "https://github.com/shama"
                }
            ],
            "description": "A multi-framework Composer library installer",
            "homepage": "http://composer.github.com/installers/",
            "keywords": [
                "Craft",
                "Dolibarr",
                "Hurad",
                "MODX Evo",
                "OXID",
                "Thelia",
                "WolfCMS",
                "agl",
                "annotatecms",
                "bitrix",
                "cakephp",
                "chef",
                "codeigniter",
                "concrete5",
                "croogo",
                "dokuwiki",
                "drupal",
                "elgg",
                "fuelphp",
                "grav",
                "installer",
                "joomla",
                "kohana",
                "laravel",
                "lithium",
                "magento",
                "mako",
                "mediawiki",
                "modulework",
                "moodle",
                "phpbb",
                "piwik",
                "ppi",
                "puppet",
                "roundcube",
                "shopware",
                "silverstripe",
                "symfony",
                "typo3",
                "wordpress",
                "zend",
                "zikula"
            ],
            "time": "2014-11-23 19:34:57"
        },
        {
            "name": "fuel/auth",
            "version": "1.7.2",
            "source": {
                "type": "git",
                "url": "https://github.com/fuel/auth.git",
                "reference": "1.8/develop"
            },
            "dist": {
                "type": "zip",
                "url": "https://github.com/fuel/auth/archive/1.7/master.zip",
                "reference": null,
                "shasum": null
            },
            "type": "fuel-package"
        },
        {
            "name": "fuel/core",
            "version": "1.7.2",
            "source": {
                "type": "git",
                "url": "https://github.com/fuel/core.git",
                "reference": "1.8/develop"
            },
            "dist": {
                "type": "zip",
                "url": "https://github.com/fuel/core/archive/1.7/master.zip",
                "reference": null,
                "shasum": null
            },
            "type": "fuel-package"
        },
        {
            "name": "fuel/docs",
            "version": "1.7.2",
            "source": {
                "type": "git",
                "url": "https://github.com/fuel/docs.git",
                "reference": "1.8/develop"
            },
            "dist": {
                "type": "zip",
                "url": "https://github.com/fuel/docs/archive/1.7/master.zip",
                "reference": null,
                "shasum": null
            },
            "type": "fuel-package"
        },
        {
            "name": "fuel/email",
            "version": "1.7.2",
            "source": {
                "type": "git",
                "url": "https://github.com/fuel/email.git",
                "reference": "1.8/develop"
            },
            "dist": {
                "type": "zip",
                "url": "https://github.com/fuel/email/archive/1.7/master.zip",
                "reference": null,
                "shasum": null
            },
            "type": "fuel-package"
        },
        {
            "name": "fuel/oil",
            "version": "1.7.2",
            "source": {
                "type": "git",
                "url": "https://github.com/fuel/oil.git",
                "reference": "1.8/develop"
            },
            "dist": {
                "type": "zip",
                "url": "https://github.com/fuel/oil/archive/1.7/master.zip",
                "reference": null,
                "shasum": null
            },
            "type": "fuel-package"
        },
        {
            "name": "fuel/orm",
            "version": "1.7.2",
            "source": {
                "type": "git",
                "url": "https://github.com/fuel/orm.git",
                "reference": "1.8/develop"
            },
            "dist": {
                "type": "zip",
                "url": "https://github.com/fuel/orm/archive/1.7/master.zip",
                "reference": null,
                "shasum": null
            },
            "type": "fuel-package"
        },
        {
            "name": "fuel/parser",
            "version": "1.7.2",
            "source": {
                "type": "git",
                "url": "https://github.com/fuel/parser.git",
                "reference": "1.8/develop"
            },
            "dist": {
                "type": "zip",
                "url": "https://github.com/fuel/parser/archive/1.7/master.zip",
                "reference": null,
                "shasum": null
            },
            "type": "fuel-package"
        },
        {
            "name": "fuelphp/upload",
            "version": "2.0.2",
            "source": {
                "type": "git",
                "url": "https://github.com/fuelphp/upload.git",
                "reference": "b0d4c8df2d7cc64b8b13415d5de0e3aadd8c2004"
            },
            "dist": {
                "type": "zip",
                "url": "https://api.github.com/repos/fuelphp/upload/zipball/b0d4c8df2d7cc64b8b13415d5de0e3aadd8c2004",
                "reference": "b0d4c8df2d7cc64b8b13415d5de0e3aadd8c2004",
                "shasum": ""
            },
            "require": {
                "ext-fileinfo": "*",
                "php": ">=5.3"
            },
            "require-dev": {
                "mockery/mockery": "0.8.*"
            },
            "type": "library",
            "autoload": {
                "psr-4": {
                    "Fuel\\Upload\\": "src/"
                }
            },
            "notification-url": "https://packagist.org/downloads/",
            "license": [
                "MIT"
            ],
            "authors": [
                {
                    "name": "FuelPHP Development Team",
                    "email": "team@fuelphp.com"
                }
            ],
            "description": "Uploaded file processing.",
            "homepage": "https://github.com/fuelphp/upload",
            "keywords": [
                "file uploads",
                "upload"
            ],
            "time": "2014-07-17 21:15:12"
        },
        {
            "name": "michelf/php-markdown",
            "version": "1.4.0",
            "source": {
                "type": "git",
                "url": "https://github.com/michelf/php-markdown.git",
                "reference": "96d8150406f67e683ef4acc09fef91785fef1266"
            },
            "dist": {
                "type": "zip",
                "url": "https://api.github.com/repos/michelf/php-markdown/zipball/96d8150406f67e683ef4acc09fef91785fef1266",
                "reference": "96d8150406f67e683ef4acc09fef91785fef1266",
                "shasum": ""
            },
            "require": {
                "php": ">=5.3.0"
            },
            "type": "library",
            "extra": {
                "branch-alias": {
                    "dev-lib": "1.4.x-dev"
                }
            },
            "autoload": {
                "psr-0": {
                    "Michelf": ""
                }
            },
            "notification-url": "https://packagist.org/downloads/",
            "license": [
                "BSD-3-Clause"
            ],
            "authors": [
                {
                    "name": "Michel Fortin",
                    "email": "michel.fortin@michelf.ca",
                    "homepage": "http://michelf.ca/",
                    "role": "Developer"
                },
                {
                    "name": "John Gruber",
                    "homepage": "http://daringfireball.net/"
                }
            ],
            "description": "PHP Markdown",
            "homepage": "http://michelf.ca/projects/php-markdown/",
            "keywords": [
                "markdown"
            ],
            "time": "2013-11-29 17:09:24"
        },
        {
            "name": "monolog/monolog",
            "version": "1.5.0",
            "source": {
                "type": "git",
                "url": "https://github.com/Seldaek/monolog.git",
                "reference": "583618d5cd2115a52101694aca87afb182b3e567"
            },
            "dist": {
                "type": "zip",
                "url": "https://api.github.com/repos/Seldaek/monolog/zipball/583618d5cd2115a52101694aca87afb182b3e567",
                "reference": "583618d5cd2115a52101694aca87afb182b3e567",
                "shasum": ""
            },
            "require": {
                "php": ">=5.3.0",
                "psr/log": "~1.0"
            },
            "require-dev": {
                "doctrine/couchdb": "dev-master",
                "mlehner/gelf-php": "1.0.*",
                "raven/raven": "0.3.*"
            },
            "suggest": {
                "doctrine/couchdb": "Allow sending log messages to a CouchDB server",
                "ext-amqp": "Allow sending log messages to an AMQP server (1.0+ required)",
                "ext-mongo": "Allow sending log messages to a MongoDB server",
                "mlehner/gelf-php": "Allow sending log messages to a GrayLog2 server",
                "raven/raven": "Allow sending log messages to a Sentry server"
            },
            "type": "library",
            "extra": {
                "branch-alias": {
                    "dev-master": "1.4.x-dev"
                }
            },
            "autoload": {
                "psr-0": {
                    "Monolog": "src/"
                }
            },
            "notification-url": "https://packagist.org/downloads/",
            "license": [
                "MIT"
            ],
            "authors": [
                {
                    "name": "Jordi Boggiano",
                    "email": "j.boggiano@seld.be",
                    "homepage": "http://seld.be",
                    "role": "Developer"
                }
            ],
            "description": "Sends your logs to files, sockets, inboxes, databases and various web services",
            "homepage": "http://github.com/Seldaek/monolog",
            "keywords": [
                "log",
                "logging",
                "psr-3"
            ],
            "time": "2013-04-23 10:09:48"
        },
        {
            "name": "psr/log",
            "version": "dev-master",
            "source": {
                "type": "git",
                "url": "https://github.com/php-fig/log.git",
                "reference": "a78d6504ff5d4367497785ab2ade91db3a9fbe11"
            },
            "dist": {
                "type": "zip",
                "url": "https://api.github.com/repos/php-fig/log/zipball/a78d6504ff5d4367497785ab2ade91db3a9fbe11",
                "reference": "a78d6504ff5d4367497785ab2ade91db3a9fbe11",
                "shasum": ""
            },
            "type": "library",
            "extra": {
                "branch-alias": {
                    "dev-master": "1.0.x-dev"
                }
            },
            "autoload": {
                "psr-0": {
                    "Psr\\Log\\": ""
                }
            },
            "notification-url": "https://packagist.org/downloads/",
            "license": [
                "MIT"
            ],
            "authors": [
                {
                    "name": "PHP-FIG",
                    "homepage": "http://www.php-fig.org/"
                }
            ],
            "description": "Common interface for logging libraries",
            "keywords": [
                "log",
                "psr",
                "psr-3"
            ],
            "time": "2014-01-18 15:33:09"
        }
    ],
    "packages-dev": [],
    "aliases": [],
    "minimum-stability": "dev",
    "stability-flags": [],
    "prefer-stable": false,
    "platform": {
        "php": ">=5.3.3"
    },
    "platform-dev": []
}
