{
    "_readme": [
        "This file locks the dependencies of your project to a known state",
        "Read more about it at https://getcomposer.org/doc/01-basic-usage.md#composer-lock-the-lock-file",
        "This file is @generated automatically"
    ],
    "hash": "ba8757914ff650dac37eddfaaeb1b417",
    "content-hash": "80f9622327c6308f4536ca13dd6200d6",
    "packages": [
        {
            "name": "bcosca/fatfree-core",
            "version": "3.5.1",
            "source": {
                "type": "git",
                "url": "https://github.com/bcosca/fatfree-core.git",
                "reference": "f7ce46c9f93808ec52b9cb904bcb02367c29ca43"
            },
            "dist": {
                "type": "zip",
                "url": "https://api.github.com/repos/bcosca/fatfree-core/zipball/f7ce46c9f93808ec52b9cb904bcb02367c29ca43",
                "reference": "f7ce46c9f93808ec52b9cb904bcb02367c29ca43",
                "shasum": ""
            },
            "require": {
                "php": ">=5.3.6"
            },
            "type": "library",
            "autoload": {
                "classmap": [
                    "."
                ]
            },
            "notification-url": "https://packagist.org/downloads/",
            "license": [
                "GPL-3.0"
            ],
            "description": "A powerful yet easy-to-use PHP micro-framework designed to help you build dynamic and robust Web applications - fast!",
            "homepage": "http://fatfreeframework.com/",
            "time": "2015-12-31 17:11:22"
        }
    ],
    "packages-dev": [],
    "aliases": [],
    "minimum-stability": "stable",
    "stability-flags": [],
    "prefer-stable": false,
    "prefer-lowest": false,
    "platform": [],
    "platform-dev": []
}
