{
    "_readme": [
        "This file locks the dependencies of your project to a known state",
        "Read more about it at https://getcomposer.org/doc/01-basic-usage.md#composer-lock-the-lock-file",
        "This file is @generated automatically"
    ],
    "content-hash": "03f6288e725c3cebc4377bb972d5ce80",
    "packages": [
        {
            "name": "leocavalcante/siler",
            "version": "v0.6.0-alpha",
            "source": {
                "type": "git",
                "url": "https://github.com/leocavalcante/siler.git",
                "reference": "d8fa708b22f14458faa4fbc4129ca3b6465bf1cf"
            },
            "dist": {
                "type": "zip",
                "url": "https://api.github.com/repos/leocavalcante/siler/zipball/d8fa708b22f14458faa4fbc4129ca3b6465bf1cf",
                "reference": "d8fa708b22f14458faa4fbc4129ca3b6465bf1cf",
                "shasum": ""
            },
            "require": {
                "php": ">=5.6.0"
            },
            "require-dev": {
                "phpdocumentor/phpdocumentor": "^2.9",
                "phpunit/php-code-coverage": "^4.0",
                "phpunit/phpunit": "^5.7",
                "squizlabs/php_codesniffer": "^2.7",
                "twig/twig": "^1.28",
                "vlucas/phpdotenv": "^2.4"
            },
            "type": "library",
            "autoload": {
                "files": [
                    "src/Siler.php",
                    "src/Container/Container.php",
                    "src/Http/Http.php",
                    "src/Route/Route.php",
                    "src/Dotenv/Dotenv.php",
                    "src/Twig/Twig.php"
                ]
            },
            "notification-url": "https://packagist.org/downloads/",
            "license": [
                "MIT"
            ],
            "authors": [
                {
                    "name": "leocavalcante",
                    "email": "lc@leocavalcante.com"
                }
            ],
            "description": "Keep it simple, stupid",
            "keywords": [
                "api",
                "framework",
                "micro",
                "router"
            ],
            "time": "2017-02-11T17:44:23+00:00"
        }
    ],
    "packages-dev": [],
    "aliases": [],
    "minimum-stability": "dev",
    "stability-flags": [],
    "prefer-stable": false,
    "prefer-lowest": false,
    "platform": [],
    "platform-dev": []
}
