{
    "_readme": [
        "This file locks the dependencies of your project to a known state",
        "Read more about it at https://getcomposer.org/doc/01-basic-usage.md#composer-lock-the-lock-file",
        "This file is @generated automatically"
    ],
    "hash": "8b3df6c58523885e917bd00bf3d9ce96",
    "content-hash": "84454ed3514d22b84092f0d410a6a74c",
    "packages": [
        {
            "name": "aura/di",
            "version": "2.2.3",
            "source": {
                "type": "git",
                "url": "https://github.com/auraphp/Aura.Di.git",
                "reference": "c0d51c15e105c4b6df90d4c29d9e4dac6bee4d5b"
            },
            "dist": {
                "type": "zip",
                "url": "https://api.github.com/repos/auraphp/Aura.Di/zipball/c0d51c15e105c4b6df90d4c29d9e4dac6bee4d5b",
                "reference": "c0d51c15e105c4b6df90d4c29d9e4dac6bee4d5b",
                "shasum": ""
            },
            "require": {
                "php": ">=5.3.0"
            },
            "type": "library",
            "extra": {
                "aura": {
                    "type": "library"
                }
            },
            "autoload": {
                "psr-4": {
                    "Aura\\Di\\": "src/"
                }
            },
            "notification-url": "https://packagist.org/downloads/",
            "license": [
                "BSD-2-Clause"
            ],
            "authors": [
                {
                    "name": "Aura.Di Contributors",
                    "homepage": "https://github.com/auraphp/Aura.Di/contributors"
                }
            ],
            "description": "Provides a dependency injection container system with native support for constructor- and setter-based injection, lazy-loading of services, and inheritable configuration of setters and constructor params.",
            "homepage": "https://github.com/auraphp/Aura.Di",
            "keywords": [
                "container",
                "dependency injection",
                "dependency injection container",
                "di",
                "di container"
            ],
            "time": "2015-05-31 20:45:07"
        },
        {
            "name": "aura/dispatcher",
            "version": "2.0.3",
            "source": {
                "type": "git",
                "url": "https://github.com/auraphp/Aura.Dispatcher.git",
                "reference": "cd28755a86f7a016a97022d2078e15e743c2a48d"
            },
            "dist": {
                "type": "zip",
                "url": "https://api.github.com/repos/auraphp/Aura.Dispatcher/zipball/cd28755a86f7a016a97022d2078e15e743c2a48d",
                "reference": "cd28755a86f7a016a97022d2078e15e743c2a48d",
                "shasum": ""
            },
            "require": {
                "php": ">=5.4.0"
            },
            "type": "library",
            "extra": {
                "aura": {
                    "type": "library"
                },
                "branch-alias": {
                    "dev-develop-2": "2.0.x-dev"
                }
            },
            "autoload": {
                "psr-4": {
                    "Aura\\Dispatcher\\": "src/"
                }
            },
            "notification-url": "https://packagist.org/downloads/",
            "license": [
                "BSD-2-Clause"
            ],
            "authors": [
                {
                    "name": "Aura.Dispatcher Contributors",
                    "homepage": "https://github.com/auraphp/Aura.Dispatcher/contributors"
                }
            ],
            "description": "Creates objects from a factory and invokes methods using named parameters; also provides a trait for invoking closures and object methods with named parameters.",
            "homepage": "https://github.com/auraphp/Aura.Dispatcher",
            "keywords": [
                "controller",
                "dispatcher",
                "factory"
            ],
            "time": "2015-03-27 19:36:51"
        },
        {
            "name": "aura/project-kernel",
            "version": "2.1.1",
            "source": {
                "type": "git",
                "url": "https://github.com/auraphp/Aura.Project_Kernel.git",
                "reference": "644475dbb4859c24aeeb309fd76a9c3e644ba9be"
            },
            "dist": {
                "type": "zip",
                "url": "https://api.github.com/repos/auraphp/Aura.Project_Kernel/zipball/644475dbb4859c24aeeb309fd76a9c3e644ba9be",
                "reference": "644475dbb4859c24aeeb309fd76a9c3e644ba9be",
                "shasum": ""
            },
            "require": {
                "aura/di": "~2.0",
                "php": ">=5.3.0",
                "psr/log": "~1.0"
            },
            "type": "library",
            "extra": {
                "aura": {
                    "type": "kernel",
                    "config": {
                        "common": "Aura\\Project_Kernel\\_Config\\Common"
                    }
                },
                "branch-alias": {
                    "dev-develop-2": "2.0.x-dev"
                }
            },
            "autoload": {
                "psr-4": {
                    "Aura\\Project_Kernel\\": "src/",
                    "Aura\\Project_Kernel\\_Config\\": "config/"
                }
            },
            "notification-url": "https://packagist.org/downloads/",
            "license": [
                "BSD-2-Clause"
            ],
            "authors": [
                {
                    "name": "Aura.Project_Kernel Contributors",
                    "homepage": "https://github.com/auraphp/Aura.Project_Kernel/contributors"
                }
            ],
            "description": "The shared kernel files for an Aura project.",
            "homepage": "https://github.com/auraphp/Aura.Project_Kernel",
            "keywords": [
                "kernel",
                "project"
            ],
            "time": "2015-03-27 22:29:48"
        },
        {
            "name": "aura/router",
            "version": "2.3.0",
            "source": {
                "type": "git",
                "url": "https://github.com/auraphp/Aura.Router.git",
                "reference": "457efd185e4306fa671d659a66a2d9d28bf91a56"
            },
            "dist": {
                "type": "zip",
                "url": "https://api.github.com/repos/auraphp/Aura.Router/zipball/457efd185e4306fa671d659a66a2d9d28bf91a56",
                "reference": "457efd185e4306fa671d659a66a2d9d28bf91a56",
                "shasum": ""
            },
            "require": {
                "php": ">=5.3.0"
            },
            "require-dev": {
                "aura/di": "~2.0"
            },
            "type": "library",
            "extra": {
                "aura": {
                    "type": "library",
                    "config": {
                        "common": "Aura\\Router\\_Config\\Common"
                    }
                }
            },
            "autoload": {
                "psr-4": {
                    "Aura\\Router\\": "src/",
                    "Aura\\Router\\_Config\\": "config/"
                }
            },
            "notification-url": "https://packagist.org/downloads/",
            "license": [
                "BSD-2-Clause"
            ],
            "authors": [
                {
                    "name": "Aura.Router Contributors",
                    "homepage": "https://github.com/auraphp/Aura.Router/contributors"
                }
            ],
            "description": "A web router implementation; given a URI path and a copy of $_SERVER, it will extract path-info parameter values for a specific route.",
            "homepage": "https://github.com/auraphp/Aura.Router",
            "keywords": [
                "route",
                "router",
                "routing"
            ],
            "time": "2015-07-17 15:55:37"
        },
        {
            "name": "aura/web",
            "version": "2.0.3",
            "source": {
                "type": "git",
                "url": "https://github.com/auraphp/Aura.Web.git",
                "reference": "b22ba83141384981514e2057ebe99e9a5509914f"
            },
            "dist": {
                "type": "zip",
                "url": "https://api.github.com/repos/auraphp/Aura.Web/zipball/b22ba83141384981514e2057ebe99e9a5509914f",
                "reference": "b22ba83141384981514e2057ebe99e9a5509914f",
                "shasum": ""
            },
            "require": {
                "php": ">=5.3.0"
            },
            "require-dev": {
                "aura/di": "~2.0"
            },
            "type": "library",
            "extra": {
                "aura": {
                    "type": "library",
                    "config": {
                        "common": "Aura\\Web\\_Config\\Common"
                    }
                },
                "branch-alias": {
                    "dev-develop-2": "2.0.x-dev"
                }
            },
            "autoload": {
                "psr-4": {
                    "Aura\\Web\\": "src/",
                    "Aura\\Web\\_Config\\": "config/"
                }
            },
            "notification-url": "https://packagist.org/downloads/",
            "license": [
                "BSD-2-Clause"
            ],
            "authors": [
                {
                    "name": "Aura.Web Contributors",
                    "homepage": "https://github.com/auraphp/Aura.Web/contributors"
                }
            ],
            "description": "Provides web Request and Response objects for use by web controllers and actions. These are representations of the PHP web environment, not HTTP request and response objects proper.",
            "homepage": "https://github.com/auraphp/Aura.Web",
            "keywords": [
                "request",
                "response"
            ],
            "time": "2015-03-27 18:59:27"
        },
        {
            "name": "aura/web-kernel",
            "version": "2.1.2",
            "source": {
                "type": "git",
                "url": "https://github.com/auraphp/Aura.Web_Kernel.git",
                "reference": "423020555de64986b8b27d75d6a20c97b85c56a8"
            },
            "dist": {
                "type": "zip",
                "url": "https://api.github.com/repos/auraphp/Aura.Web_Kernel/zipball/423020555de64986b8b27d75d6a20c97b85c56a8",
                "reference": "423020555de64986b8b27d75d6a20c97b85c56a8",
                "shasum": ""
            },
            "require": {
                "aura/dispatcher": "~2.0",
                "aura/project-kernel": "~2.0",
                "aura/router": "~2.0",
                "aura/web": "~2.0",
                "php": ">=5.4.0"
            },
            "type": "library",
            "extra": {
                "aura": {
                    "type": "kernel",
                    "config": {
                        "common": "Aura\\Web_Kernel\\_Config\\Common",
                        "web-kernel-test": "Aura\\Web_Kernel\\_Config\\WebKernelTest"
                    }
                },
                "branch-alias": {
                    "dev-develop-2": "2.0.x-dev"
                }
            },
            "autoload": {
                "psr-4": {
                    "Aura\\Web_Kernel\\": "src/",
                    "Aura\\Web_Kernel\\_Config\\": "config/"
                }
            },
            "notification-url": "https://packagist.org/downloads/",
            "license": [
                "BSD-2-Clause"
            ],
            "authors": [
                {
                    "name": "Aura.Web_Kernel Contributors",
                    "homepage": "https://github.com/auraphp/Aura.Web_Kernel/contributors"
                }
            ],
            "description": "The kernel files for an Aura web project.",
            "homepage": "https://github.com/auraphp/Aura.Web_Kernel",
            "keywords": [
                "kernel",
                "web"
            ],
            "time": "2015-03-28 22:02:27"
        },
        {
            "name": "monolog/monolog",
            "version": "1.17.1",
            "source": {
                "type": "git",
                "url": "https://github.com/Seldaek/monolog.git",
                "reference": "0524c87587ab85bc4c2d6f5b41253ccb930a5422"
            },
            "dist": {
                "type": "zip",
                "url": "https://api.github.com/repos/Seldaek/monolog/zipball/0524c87587ab85bc4c2d6f5b41253ccb930a5422",
                "reference": "0524c87587ab85bc4c2d6f5b41253ccb930a5422",
                "shasum": ""
            },
            "require": {
                "php": ">=5.3.0",
                "psr/log": "~1.0"
            },
            "provide": {
                "psr/log-implementation": "1.0.0"
            },
            "require-dev": {
                "aws/aws-sdk-php": "^2.4.9",
                "doctrine/couchdb": "~1.0@dev",
                "graylog2/gelf-php": "~1.0",
                "php-console/php-console": "^3.1.3",
                "phpunit/phpunit": "~4.5",
                "phpunit/phpunit-mock-objects": "2.3.0",
                "raven/raven": "~0.11",
                "ruflin/elastica": ">=0.90 <3.0",
                "swiftmailer/swiftmailer": "~5.3",
                "videlalvaro/php-amqplib": "~2.4"
            },
            "suggest": {
                "aws/aws-sdk-php": "Allow sending log messages to AWS services like DynamoDB",
                "doctrine/couchdb": "Allow sending log messages to a CouchDB server",
                "ext-amqp": "Allow sending log messages to an AMQP server (1.0+ required)",
                "ext-mongo": "Allow sending log messages to a MongoDB server",
                "graylog2/gelf-php": "Allow sending log messages to a GrayLog2 server",
                "php-console/php-console": "Allow sending log messages to Google Chrome",
                "raven/raven": "Allow sending log messages to a Sentry server",
                "rollbar/rollbar": "Allow sending log messages to Rollbar",
                "ruflin/elastica": "Allow sending log messages to an Elastic Search server",
                "videlalvaro/php-amqplib": "Allow sending log messages to an AMQP server using php-amqplib"
            },
            "type": "library",
            "extra": {
                "branch-alias": {
                    "dev-master": "1.16.x-dev"
                }
            },
            "autoload": {
                "psr-4": {
                    "Monolog\\": "src/Monolog"
                }
            },
            "notification-url": "https://packagist.org/downloads/",
            "license": [
                "MIT"
            ],
            "authors": [
                {
                    "name": "Jordi Boggiano",
                    "email": "j.boggiano@seld.be",
                    "homepage": "http://seld.be"
                }
            ],
            "description": "Sends your logs to files, sockets, inboxes, databases and various web services",
            "homepage": "http://github.com/Seldaek/monolog",
            "keywords": [
                "log",
                "logging",
                "psr-3"
            ],
            "time": "2015-08-31 09:17:37"
        },
        {
            "name": "psr/log",
            "version": "1.0.0",
            "source": {
                "type": "git",
                "url": "https://github.com/php-fig/log.git",
                "reference": "fe0936ee26643249e916849d48e3a51d5f5e278b"
            },
            "dist": {
                "type": "zip",
                "url": "https://api.github.com/repos/php-fig/log/zipball/fe0936ee26643249e916849d48e3a51d5f5e278b",
                "reference": "fe0936ee26643249e916849d48e3a51d5f5e278b",
                "shasum": ""
            },
            "type": "library",
            "autoload": {
                "psr-0": {
                    "Psr\\Log\\": ""
                }
            },
            "notification-url": "https://packagist.org/downloads/",
            "license": [
                "MIT"
            ],
            "authors": [
                {
                    "name": "PHP-FIG",
                    "homepage": "http://www.php-fig.org/"
                }
            ],
            "description": "Common interface for logging libraries",
            "keywords": [
                "log",
                "psr",
                "psr-3"
            ],
            "time": "2012-12-21 11:40:51"
        }
    ],
    "packages-dev": [],
    "aliases": [],
    "minimum-stability": "stable",
    "stability-flags": [],
    "prefer-stable": false,
    "prefer-lowest": false,
    "platform": [],
    "platform-dev": []
}
